// !$*UTF8*$!
{
	archiveVersion = 1;
	classes = {
	};
	objectVersion = 50;
	objects = {

/* Begin PBXBuildFile section */
		68219D6521CC0CEE00EE5E5F /* AppDelegate.swift in Sources */ = {isa = PBXBuildFile; fileRef = 68219D6421CC0CEE00EE5E5F /* AppDelegate.swift */; };
		68219D6721CC0CEE00EE5E5F /* ViewController.swift in Sources */ = {isa = PBXBuildFile; fileRef = 68219D6621CC0CEE00EE5E5F /* ViewController.swift */; };
		68219D6A21CC0CEE00EE5E5F /* Main.storyboard in Resources */ = {isa = PBXBuildFile; fileRef = 68219D6821CC0CEE00EE5E5F /* Main.storyboard */; };
		68219D6C21CC0CF000EE5E5F /* Assets.xcassets in Resources */ = {isa = PBXBuildFile; fileRef = 68219D6B21CC0CF000EE5E5F /* Assets.xcassets */; };
		68219D6F21CC0CF000EE5E5F /* LaunchScreen.storyboard in Resources */ = {isa = PBXBuildFile; fileRef = 68219D6D21CC0CF000EE5E5F /* LaunchScreen.storyboard */; };
		68219D7A21CC0CF000EE5E5F /* BuggyTests.swift in Sources */ = {isa = PBXBuildFile; fileRef = 68219D7921CC0CF000EE5E5F /* BuggyTests.swift */; };
		68219D8521CC0CF000EE5E5F /* BuggyUITests.swift in Sources */ = {isa = PBXBuildFile; fileRef = 68219D8421CC0CF000EE5E5F /* BuggyUITests.swift */; };
/* End PBXBuildFile section */

/* Begin PBXContainerItemProxy section */
		68219D7621CC0CF000EE5E5F /* PBXContainerItemProxy */ = {
			isa = PBXContainerItemProxy;
			containerPortal = 68219D5921CC0CED00EE5E5F /* Project object */;
			proxyType = 1;
			remoteGlobalIDString = 68219D6021CC0CED00EE5E5F;
			remoteInfo = Buggy;
		};
		68219D8121CC0CF000EE5E5F /* PBXContainerItemProxy */ = {
			isa = PBXContainerItemProxy;
			containerPortal = 68219D5921CC0CED00EE5E5F /* Project object */;
			proxyType = 1;
			remoteGlobalIDString = 68219D6021CC0CED00EE5E5F;
			remoteInfo = Buggy;
		};
/* End PBXContainerItemProxy section */

/* Begin PBXFileReference section */
		68219D6121CC0CED00EE5E5F /* Buggy.app */ = {isa = PBXFileReference; explicitFileType = wrapper.application; includeInIndex = 0; path = Buggy.app; sourceTree = BUILT_PRODUCTS_DIR; };
		68219D6421CC0CEE00EE5E5F /* AppDelegate.swift */ = {isa = PBXFileReference; lastKnownFileType = sourcecode.swift; path = AppDelegate.swift; sourceTree = "<group>"; };
		68219D6621CC0CEE00EE5E5F /* ViewController.swift */ = {isa = PBXFileReference; lastKnownFileType = sourcecode.swift; path = ViewController.swift; sourceTree = "<group>"; };
		68219D6921CC0CEE00EE5E5F /* Base */ = {isa = PBXFileReference; lastKnownFileType = file.storyboard; name = Base; path = Base.lproj/Main.storyboard; sourceTree = "<group>"; };
		68219D6B21CC0CF000EE5E5F /* Assets.xcassets */ = {isa = PBXFileReference; lastKnownFileType = folder.assetcatalog; path = Assets.xcassets; sourceTree = "<group>"; };
		68219D6E21CC0CF000EE5E5F /* Base */ = {isa = PBXFileReference; lastKnownFileType = file.storyboard; name = Base; path = Base.lproj/LaunchScreen.storyboard; sourceTree = "<group>"; };
		68219D7021CC0CF000EE5E5F /* Info.plist */ = {isa = PBXFileReference; lastKnownFileType = text.plist.xml; path = Info.plist; sourceTree = "<group>"; };
		68219D7521CC0CF000EE5E5F /* BuggyTests.xctest */ = {isa = PBXFileReference; explicitFileType = wrapper.cfbundle; includeInIndex = 0; path = BuggyTests.xctest; sourceTree = BUILT_PRODUCTS_DIR; };
		68219D7921CC0CF000EE5E5F /* BuggyTests.swift */ = {isa = PBXFileReference; lastKnownFileType = sourcecode.swift; path = BuggyTests.swift; sourceTree = "<group>"; };
		68219D7B21CC0CF000EE5E5F /* Info.plist */ = {isa = PBXFileReference; lastKnownFileType = text.plist.xml; path = Info.plist; sourceTree = "<group>"; };
		68219D8021CC0CF000EE5E5F /* BuggyUITests.xctest */ = {isa = PBXFileReference; explicitFileType = wrapper.cfbundle; includeInIndex = 0; path = BuggyUITests.xctest; sourceTree = BUILT_PRODUCTS_DIR; };
		68219D8421CC0CF000EE5E5F /* BuggyUITests.swift */ = {isa = PBXFileReference; lastKnownFileType = sourcecode.swift; path = BuggyUITests.swift; sourceTree = "<group>"; };
		68219D8621CC0CF000EE5E5F /* Info.plist */ = {isa = PBXFileReference; lastKnownFileType = text.plist.xml; path = Info.plist; sourceTree = "<group>"; };
/* End PBXFileReference section */

/* Begin PBXFrameworksBuildPhase section */
		68219D5E21CC0CED00EE5E5F /* Frameworks */ = {
			isa = PBXFrameworksBuildPhase;
			buildActionMask = 2147483647;
			files = (
			);
			runOnlyForDeploymentPostprocessing = 0;
		};
		68219D7221CC0CF000EE5E5F /* Frameworks */ = {
			isa = PBXFrameworksBuildPhase;
			buildActionMask = 2147483647;
			files = (
			);
			runOnlyForDeploymentPostprocessing = 0;
		};
		68219D7D21CC0CF000EE5E5F /* Frameworks */ = {
			isa = PBXFrameworksBuildPhase;
			buildActionMask = 2147483647;
			files = (
			);
			runOnlyForDeploymentPostprocessing = 0;
		};
/* End PBXFrameworksBuildPhase section */

/* Begin PBXGroup section */
		68219D5821CC0CED00EE5E5F = {
			isa = PBXGroup;
			children = (
				68219D6321CC0CED00EE5E5F /* Buggy */,
				68219D7821CC0CF000EE5E5F /* BuggyTests */,
				68219D8321CC0CF000EE5E5F /* BuggyUITests */,
				68219D6221CC0CED00EE5E5F /* Products */,
			);
			sourceTree = "<group>";
		};
		68219D6221CC0CED00EE5E5F /* Products */ = {
			isa = PBXGroup;
			children = (
				68219D6121CC0CED00EE5E5F /* Buggy.app */,
				68219D7521CC0CF000EE5E5F /* BuggyTests.xctest */,
				68219D8021CC0CF000EE5E5F /* BuggyUITests.xctest */,
			);
			name = Products;
			sourceTree = "<group>";
		};
		68219D6321CC0CED00EE5E5F /* Buggy */ = {
			isa = PBXGroup;
			children = (
				68219D6421CC0CEE00EE5E5F /* AppDelegate.swift */,
				68219D6621CC0CEE00EE5E5F /* ViewController.swift */,
				68219D6821CC0CEE00EE5E5F /* Main.storyboard */,
				68219D6B21CC0CF000EE5E5F /* Assets.xcassets */,
				68219D6D21CC0CF000EE5E5F /* LaunchScreen.storyboard */,
				68219D7021CC0CF000EE5E5F /* Info.plist */,
			);
			path = Buggy;
			sourceTree = "<group>";
		};
		68219D7821CC0CF000EE5E5F /* BuggyTests */ = {
			isa = PBXGroup;
			children = (
				68219D7921CC0CF000EE5E5F /* BuggyTests.swift */,
				68219D7B21CC0CF000EE5E5F /* Info.plist */,
			);
			path = BuggyTests;
			sourceTree = "<group>";
		};
		68219D8321CC0CF000EE5E5F /* BuggyUITests */ = {
			isa = PBXGroup;
			children = (
				68219D8421CC0CF000EE5E5F /* BuggyUITests.swift */,
				68219D8621CC0CF000EE5E5F /* Info.plist */,
			);
			path = BuggyUITests;
			sourceTree = "<group>";
		};
/* End PBXGroup section */

/* Begin PBXNativeTarget section */
		68219D6021CC0CED00EE5E5F /* Buggy */ = {
			isa = PBXNativeTarget;
			buildConfigurationList = 68219D8921CC0CF000EE5E5F /* Build configuration list for PBXNativeTarget "Buggy" */;
			buildPhases = (
				68219D5D21CC0CED00EE5E5F /* Sources */,
				68219D5E21CC0CED00EE5E5F /* Frameworks */,
				68219D5F21CC0CED00EE5E5F /* Resources */,
			);
			buildRules = (
			);
			dependencies = (
			);
			name = Buggy;
			productName = Buggy;
			productReference = 68219D6121CC0CED00EE5E5F /* Buggy.app */;
			productType = "com.apple.product-type.application";
		};
		68219D7421CC0CF000EE5E5F /* BuggyTests */ = {
			isa = PBXNativeTarget;
			buildConfigurationList = 68219D8C21CC0CF000EE5E5F /* Build configuration list for PBXNativeTarget "BuggyTests" */;
			buildPhases = (
				68219D7121CC0CF000EE5E5F /* Sources */,
				68219D7221CC0CF000EE5E5F /* Frameworks */,
				68219D7321CC0CF000EE5E5F /* Resources */,
			);
			buildRules = (
			);
			dependencies = (
				68219D7721CC0CF000EE5E5F /* PBXTargetDependency */,
			);
			name = BuggyTests;
			productName = BuggyTests;
			productReference = 68219D7521CC0CF000EE5E5F /* BuggyTests.xctest */;
			productType = "com.apple.product-type.bundle.unit-test";
		};
		68219D7F21CC0CF000EE5E5F /* BuggyUITests */ = {
			isa = PBXNativeTarget;
			buildConfigurationList = 68219D8F21CC0CF000EE5E5F /* Build configuration list for PBXNativeTarget "BuggyUITests" */;
			buildPhases = (
				68219D7C21CC0CF000EE5E5F /* Sources */,
				68219D7D21CC0CF000EE5E5F /* Frameworks */,
				68219D7E21CC0CF000EE5E5F /* Resources */,
			);
			buildRules = (
			);
			dependencies = (
				68219D8221CC0CF000EE5E5F /* PBXTargetDependency */,
			);
			name = BuggyUITests;
			productName = BuggyUITests;
			productReference = 68219D8021CC0CF000EE5E5F /* BuggyUITests.xctest */;
			productType = "com.apple.product-type.bundle.ui-testing";
		};
/* End PBXNativeTarget section */

/* Begin PBXProject section */
		68219D5921CC0CED00EE5E5F /* Project object */ = {
			isa = PBXProject;
			attributes = {
				LastSwiftUpdateCheck = 1010;
				LastUpgradeCheck = 1010;
				ORGANIZATIONNAME = "Mayank Kishore";
				TargetAttributes = {
					68219D6021CC0CED00EE5E5F = {
						CreatedOnToolsVersion = 10.1;
					};
					68219D7421CC0CF000EE5E5F = {
						CreatedOnToolsVersion = 10.1;
						TestTargetID = 68219D6021CC0CED00EE5E5F;
					};
					68219D7F21CC0CF000EE5E5F = {
						CreatedOnToolsVersion = 10.1;
						TestTargetID = 68219D6021CC0CED00EE5E5F;
					};
				};
			};
			buildConfigurationList = 68219D5C21CC0CED00EE5E5F /* Build configuration list for PBXProject "Buggy" */;
			compatibilityVersion = "Xcode 9.3";
			developmentRegion = en;
			hasScannedForEncodings = 0;
			knownRegions = (
				en,
				Base,
			);
			mainGroup = 68219D5821CC0CED00EE5E5F;
			productRefGroup = 68219D6221CC0CED00EE5E5F /* Products */;
			projectDirPath = "";
			projectRoot = "";
			targets = (
				68219D6021CC0CED00EE5E5F /* Buggy */,
				68219D7421CC0CF000EE5E5F /* BuggyTests */,
				68219D7F21CC0CF000EE5E5F /* BuggyUITests */,
			);
		};
/* End PBXProject section */

/* Begin PBXResourcesBuildPhase section */
		68219D5F21CC0CED00EE5E5F /* Resources */ = {
			isa = PBXResourcesBuildPhase;
			buildActionMask = 2147483647;
			files = (
				68219D6F21CC0CF000EE5E5F /* LaunchScreen.storyboard in Resources */,
				68219D6C21CC0CF000EE5E5F /* Assets.xcassets in Resources */,
				68219D6A21CC0CEE00EE5E5F /* Main.storyboard in Resources */,
			);
			runOnlyForDeploymentPostprocessing = 0;
		};
		68219D7321CC0CF000EE5E5F /* Resources */ = {
			isa = PBXResourcesBuildPhase;
			buildActionMask = 2147483647;
			files = (
			);
			runOnlyForDeploymentPostprocessing = 0;
		};
		68219D7E21CC0CF000EE5E5F /* Resources */ = {
			isa = PBXResourcesBuildPhase;
			buildActionMask = 2147483647;
			files = (
			);
			runOnlyForDeploymentPostprocessing = 0;
		};
/* End PBXResourcesBuildPhase section */

/* Begin PBXSourcesBuildPhase section */
		68219D5D21CC0CED00EE5E5F /* Sources */ = {
			isa = PBXSourcesBuildPhase;
			buildActionMask = 2147483647;
			files = (
				68219D6721CC0CEE00EE5E5F /* ViewController.swift in Sources */,
				68219D6521CC0CEE00EE5E5F /* AppDelegate.swift in Sources */,
			);
			runOnlyForDeploymentPostprocessing = 0;
		};
		68219D7121CC0CF000EE5E5F /* Sources */ = {
			isa = PBXSourcesBuildPhase;
			buildActionMask = 2147483647;
			files = (
				68219D7A21CC0CF000EE5E5F /* BuggyTests.swift in Sources */,
			);
			runOnlyForDeploymentPostprocessing = 0;
		};
		68219D7C21CC0CF000EE5E5F /* Sources */ = {
			isa = PBXSourcesBuildPhase;
			buildActionMask = 2147483647;
			files = (
				68219D8521CC0CF000EE5E5F /* BuggyUITests.swift in Sources */,
			);
			runOnlyForDeploymentPostprocessing = 0;
		};
/* End PBXSourcesBuildPhase section */

/* Begin PBXTargetDependency section */
		68219D7721CC0CF000EE5E5F /* PBXTargetDependency */ = {
			isa = PBXTargetDependency;
			target = 68219D6021CC0CED00EE5E5F /* Buggy */;
			targetProxy = 68219D7621CC0CF000EE5E5F /* PBXContainerItemProxy */;
		};
		68219D8221CC0CF000EE5E5F /* PBXTargetDependency */ = {
			isa = PBXTargetDependency;
			target = 68219D6021CC0CED00EE5E5F /* Buggy */;
			targetProxy = 68219D8121CC0CF000EE5E5F /* PBXContainerItemProxy */;
		};
/* End PBXTargetDependency section */

/* Begin PBXVariantGroup section */
		68219D6821CC0CEE00EE5E5F /* Main.storyboard */ = {
			isa = PBXVariantGroup;
			children = (
				68219D6921CC0CEE00EE5E5F /* Base */,
			);
			name = Main.storyboard;
			sourceTree = "<group>";
		};
		68219D6D21CC0CF000EE5E5F /* LaunchScreen.storyboard */ = {
			isa = PBXVariantGroup;
			children = (
				68219D6E21CC0CF000EE5E5F /* Base */,
			);
			name = LaunchScreen.storyboard;
			sourceTree = "<group>";
		};
/* End PBXVariantGroup section */

/* Begin XCBuildConfiguration section */
		68219D8721CC0CF000EE5E5F /* Debug */ = {
			isa = XCBuildConfiguration;
			buildSettings = {
				ALWAYS_SEARCH_USER_PATHS = NO;
				CLANG_ANALYZER_NONNULL = YES;
				CLANG_ANALYZER_NUMBER_OBJECT_CONVERSION = YES_AGGRESSIVE;
				CLANG_CXX_LANGUAGE_STANDARD = "gnu++14";
				CLANG_CXX_LIBRARY = "libc++";
				CLANG_ENABLE_MODULES = YES;
				CLANG_ENABLE_OBJC_ARC = YES;
				CLANG_ENABLE_OBJC_WEAK = YES;
				CLANG_WARN_BLOCK_CAPTURE_AUTORELEASING = YES;
				CLANG_WARN_BOOL_CONVERSION = YES;
				CLANG_WARN_COMMA = YES;
				CLANG_WARN_CONSTANT_CONVERSION = YES;
				CLANG_WARN_DEPRECATED_OBJC_IMPLEMENTATIONS = YES;
				CLANG_WARN_DIRECT_OBJC_ISA_USAGE = YES_ERROR;
				CLANG_WARN_DOCUMENTATION_COMMENTS = YES;
				CLANG_WARN_EMPTY_BODY = YES;
				CLANG_WARN_ENUM_CONVERSION = YES;
				CLANG_WARN_INFINITE_RECURSION = YES;
				CLANG_WARN_INT_CONVERSION = YES;
				CLANG_WARN_NON_LITERAL_NULL_CONVERSION = YES;
				CLANG_WARN_OBJC_IMPLICIT_RETAIN_SELF = YES;
				CLANG_WARN_OBJC_LITERAL_CONVERSION = YES;
				CLANG_WARN_OBJC_ROOT_CLASS = YES_ERROR;
				CLANG_WARN_RANGE_LOOP_ANALYSIS = YES;
				CLANG_WARN_STRICT_PROTOTYPES = YES;
				CLANG_WARN_SUSPICIOUS_MOVE = YES;
				CLANG_WARN_UNGUARDED_AVAILABILITY = YES_AGGRESSIVE;
				CLANG_WARN_UNREACHABLE_CODE = YES;
				CLANG_WARN__DUPLICATE_METHOD_MATCH = YES;
				CODE_SIGN_IDENTITY = "iPhone Developer";
				COPY_PHASE_STRIP = NO;
				DEBUG_INFORMATION_FORMAT = dwarf;
				ENABLE_STRICT_OBJC_MSGSEND = YES;
				ENABLE_TESTABILITY = YES;
				GCC_C_LANGUAGE_STANDARD = gnu11;
				GCC_DYNAMIC_NO_PIC = NO;
				GCC_NO_COMMON_BLOCKS = YES;
				GCC_OPTIMIZATION_LEVEL = 0;
				GCC_PREPROCESSOR_DEFINITIONS = (
					"DEBUG=1",
					"$(inherited)",
				);
				GCC_WARN_64_TO_32_BIT_CONVERSION = YES;
				GCC_WARN_ABOUT_RETURN_TYPE = YES_ERROR;
				GCC_WARN_UNDECLARED_SELECTOR = YES;
				GCC_WARN_UNINITIALIZED_AUTOS = YES_AGGRESSIVE;
				GCC_WARN_UNUSED_FUNCTION = YES;
				GCC_WARN_UNUSED_VARIABLE = YES;
				IPHONEOS_DEPLOYMENT_TARGET = 12.1;
				MTL_ENABLE_DEBUG_INFO = INCLUDE_SOURCE;
				MTL_FAST_MATH = YES;
				ONLY_ACTIVE_ARCH = YES;
				SDKROOT = iphoneos;
				SWIFT_ACTIVE_COMPILATION_CONDITIONS = DEBUG;
				SWIFT_OPTIMIZATION_LEVEL = "-Onone";
			};
			name = Debug;
		};
		68219D8821CC0CF000EE5E5F /* Release */ = {
			isa = XCBuildConfiguration;
			buildSettings = {
				ALWAYS_SEARCH_USER_PATHS = NO;
				CLANG_ANALYZER_NONNULL = YES;
				CLANG_ANALYZER_NUMBER_OBJECT_CONVERSION = YES_AGGRESSIVE;
				CLANG_CXX_LANGUAGE_STANDARD = "gnu++14";
				CLANG_CXX_LIBRARY = "libc++";
				CLANG_ENABLE_MODULES = YES;
				CLANG_ENABLE_OBJC_ARC = YES;
				CLANG_ENABLE_OBJC_WEAK = YES;
				CLANG_WARN_BLOCK_CAPTURE_AUTORELEASING = YES;
				CLANG_WARN_BOOL_CONVERSION = YES;
				CLANG_WARN_COMMA = YES;
				CLANG_WARN_CONSTANT_CONVERSION = YES;
				CLANG_WARN_DEPRECATED_OBJC_IMPLEMENTATIONS = YES;
				CLANG_WARN_DIRECT_OBJC_ISA_USAGE = YES_ERROR;
				CLANG_WARN_DOCUMENTATION_COMMENTS = YES;
				CLANG_WARN_EMPTY_BODY = YES;
				CLANG_WARN_ENUM_CONVERSION = YES;
				CLANG_WARN_INFINITE_RECURSION = YES;
				CLANG_WARN_INT_CONVERSION = YES;
				CLANG_WARN_NON_LITERAL_NULL_CONVERSION = YES;
				CLANG_WARN_OBJC_IMPLICIT_RETAIN_SELF = YES;
				CLANG_WARN_OBJC_LITERAL_CONVERSION = YES;
				CLANG_WARN_OBJC_ROOT_CLASS = YES_ERROR;
				CLANG_WARN_RANGE_LOOP_ANALYSIS = YES;
				CLANG_WARN_STRICT_PROTOTYPES = YES;
				CLANG_WARN_SUSPICIOUS_MOVE = YES;
				CLANG_WARN_UNGUARDED_AVAILABILITY = YES_AGGRESSIVE;
				CLANG_WARN_UNREACHABLE_CODE = YES;
				CLANG_WARN__DUPLICATE_METHOD_MATCH = YES;
				CODE_SIGN_IDENTITY = "iPhone Developer";
				COPY_PHASE_STRIP = NO;
				DEBUG_INFORMATION_FORMAT = "dwarf-with-dsym";
				ENABLE_NS_ASSERTIONS = NO;
				ENABLE_STRICT_OBJC_MSGSEND = YES;
				GCC_C_LANGUAGE_STANDARD = gnu11;
				GCC_NO_COMMON_BLOCKS = YES;
				GCC_WARN_64_TO_32_BIT_CONVERSION = YES;
				GCC_WARN_ABOUT_RETURN_TYPE = YES_ERROR;
				GCC_WARN_UNDECLARED_SELECTOR = YES;
				GCC_WARN_UNINITIALIZED_AUTOS = YES_AGGRESSIVE;
				GCC_WARN_UNUSED_FUNCTION = YES;
				GCC_WARN_UNUSED_VARIABLE = YES;
				IPHONEOS_DEPLOYMENT_TARGET = 12.1;
				MTL_ENABLE_DEBUG_INFO = NO;
				MTL_FAST_MATH = YES;
				SDKROOT = iphoneos;
				SWIFT_COMPILATION_MODE = wholemodule;
				SWIFT_OPTIMIZATION_LEVEL = "-O";
				VALIDATE_PRODUCT = YES;
			};
			name = Release;
		};
		68219D8A21CC0CF000EE5E5F /* Debug */ = {
			isa = XCBuildConfiguration;
			buildSettings = {
				ASSETCATALOG_COMPILER_APPICON_NAME = AppIcon;
				CODE_SIGN_STYLE = Automatic;
				DEVELOPMENT_TEAM = 4SKPTERR7H;
				INFOPLIST_FILE = Buggy/Info.plist;
				LD_RUNPATH_SEARCH_PATHS = (
					"$(inherited)",
					"@executable_path/Frameworks",
				);
				PRODUCT_BUNDLE_IDENTIFIER = com.mayank.Buggy;
				PRODUCT_NAME = "$(TARGET_NAME)";
				SWIFT_VERSION = 4.2;
				TARGETED_DEVICE_FAMILY = "1,2";
			};
			name = Debug;
		};
		68219D8B21CC0CF000EE5E5F /* Release */ = {
			isa = XCBuildConfiguration;
			buildSettings = {
				ASSETCATALOG_COMPILER_APPICON_NAME = AppIcon;
				CODE_SIGN_STYLE = Automatic;
				DEVELOPMENT_TEAM = 4SKPTERR7H;
				INFOPLIST_FILE = Buggy/Info.plist;
				LD_RUNPATH_SEARCH_PATHS = (
					"$(inherited)",
					"@executable_path/Frameworks",
				);
				PRODUCT_BUNDLE_IDENTIFIER = com.mayank.Buggy;
				PRODUCT_NAME = "$(TARGET_NAME)";
				SWIFT_VERSION = 4.2;
				TARGETED_DEVICE_FAMILY = "1,2";
			};
			name = Release;
		};
		68219D8D21CC0CF000EE5E5F /* Debug */ = {
			isa = XCBuildConfiguration;
			buildSettings = {
				ALWAYS_EMBED_SWIFT_STANDARD_LIBRARIES = YES;
				BUNDLE_LOADER = "$(TEST_HOST)";
				CODE_SIGN_STYLE = Automatic;
				DEVELOPMENT_TEAM = 4SKPTERR7H;
				INFOPLIST_FILE = BuggyTests/Info.plist;
				LD_RUNPATH_SEARCH_PATHS = (
					"$(inherited)",
					"@executable_path/Frameworks",
					"@loader_path/Frameworks",
				);
				PRODUCT_BUNDLE_IDENTIFIER = com.mayank.BuggyTests;
				PRODUCT_NAME = "$(TARGET_NAME)";
				SWIFT_VERSION = 4.2;
				TARGETED_DEVICE_FAMILY = "1,2";
				TEST_HOST = "$(BUILT_PRODUCTS_DIR)/Buggy.app/Buggy";
			};
			name = Debug;
		};
		68219D8E21CC0CF000EE5E5F /* Release */ = {
			isa = XCBuildConfiguration;
			buildSettings = {
				ALWAYS_EMBED_SWIFT_STANDARD_LIBRARIES = YES;
				BUNDLE_LOADER = "$(TEST_HOST)";
				CODE_SIGN_STYLE = Automatic;
				DEVELOPMENT_TEAM = 4SKPTERR7H;
				INFOPLIST_FILE = BuggyTests/Info.plist;
				LD_RUNPATH_SEARCH_PATHS = (
					"$(inherited)",
					"@executable_path/Frameworks",
					"@loader_path/Frameworks",
				);
				PRODUCT_BUNDLE_IDENTIFIER = com.mayank.BuggyTests;
				PRODUCT_NAME = "$(TARGET_NAME)";
				SWIFT_VERSION = 4.2;
				TARGETED_DEVICE_FAMILY = "1,2";
				TEST_HOST = "$(BUILT_PRODUCTS_DIR)/Buggy.app/Buggy";
			};
			name = Release;
		};
		68219D9021CC0CF000EE5E5F /* Debug */ = {
			isa = XCBuildConfiguration;
			buildSettings = {
				ALWAYS_EMBED_SWIFT_STANDARD_LIBRARIES = YES;
				CODE_SIGN_STYLE = Automatic;
				DEVELOPMENT_TEAM = 4SKPTERR7H;
				INFOPLIST_FILE = BuggyUITests/Info.plist;
				LD_RUNPATH_SEARCH_PATHS = (
					"$(inherited)",
					"@executable_path/Frameworks",
					"@loader_path/Frameworks",
				);
				PRODUCT_BUNDLE_IDENTIFIER = com.mayank.BuggyUITests;
				PRODUCT_NAME = "$(TARGET_NAME)";
				SWIFT_VERSION = 4.2;
				TARGETED_DEVICE_FAMILY = "1,2";
				TEST_TARGET_NAME = Buggy;
			};
			name = Debug;
		};
		68219D9121CC0CF000EE5E5F /* Release */ = {
			isa = XCBuildConfiguration;
			buildSettings = {
				ALWAYS_EMBED_SWIFT_STANDARD_LIBRARIES = YES;
				CODE_SIGN_STYLE = Automatic;
				DEVELOPMENT_TEAM = 4SKPTERR7H;
				INFOPLIST_FILE = BuggyUITests/Info.plist;
				LD_RUNPATH_SEARCH_PATHS = (
					"$(inherited)",
					"@executable_path/Frameworks",
					"@loader_path/Frameworks",
				);
				PRODUCT_BUNDLE_IDENTIFIER = com.mayank.BuggyUITests;
				PRODUCT_NAME = "$(TARGET_NAME)";
				SWIFT_VERSION = 4.2;
				TARGETED_DEVICE_FAMILY = "1,2";
				TEST_TARGET_NAME = Buggy;
			};
			name = Release;
		};
/* End XCBuildConfiguration section */

/* Begin XCConfigurationList section */
		68219D5C21CC0CED00EE5E5F /* Build configuration list for PBXProject "Buggy" */ = {
			isa = XCConfigurationList;
			buildConfigurations = (
				68219D8721CC0CF000EE5E5F /* Debug */,
				68219D8821CC0CF000EE5E5F /* Release */,
			);
			defaultConfigurationIsVisible = 0;
			defaultConfigurationName = Release;
		};
		68219D8921CC0CF000EE5E5F /* Build configuration list for PBXNativeTarget "Buggy" */ = {
			isa = XCConfigurationList;
			buildConfigurations = (
				68219D8A21CC0CF000EE5E5F /* Debug */,
				68219D8B21CC0CF000EE5E5F /* Release */,
			);
			defaultConfigurationIsVisible = 0;
			defaultConfigurationName = Release;
		};
		68219D8C21CC0CF000EE5E5F /* Build configuration list for PBXNativeTarget "BuggyTests" */ = {
			isa = XCConfigurationList;
			buildConfigurations = (
				68219D8D21CC0CF000EE5E5F /* Debug */,
				68219D8E21CC0CF000EE5E5F /* Release */,
			);
			defaultConfigurationIsVisible = 0;
			defaultConfigurationName = Release;
		};
		68219D8F21CC0CF000EE5E5F /* Build configuration list for PBXNativeTarget "BuggyUITests" */ = {
			isa = XCConfigurationList;
			buildConfigurations = (
				68219D9021CC0CF000EE5E5F /* Debug */,
				68219D9121CC0CF000EE5E5F /* Release */,
			);
			defaultConfigurationIsVisible = 0;
			defaultConfigurationName = Release;
		};
/* End XCConfigurationList section */
	};
	rootObject = 68219D5921CC0CED00EE5E5F /* Project object */;
}
