// !$*UTF8*$!
{
	archiveVersion = 1;
	classes = {
	};
	objectVersion = 50;
	objects = {

/* Begin PBXBuildFile section */
		68D3CA0121D14EB600F0B7B2 /* AppDelegate.swift in Sources */ = {isa = PBXBuildFile; fileRef = 68D3CA0021D14EB600F0B7B2 /* AppDelegate.swift */; };
		68D3CA0621D14EB600F0B7B2 /* Main.storyboard in Resources */ = {isa = PBXBuildFile; fileRef = 68D3CA0421D14EB600F0B7B2 /* Main.storyboard */; };
		68D3CA0821D14EB900F0B7B2 /* Assets.xcassets in Resources */ = {isa = PBXBuildFile; fileRef = 68D3CA0721D14EB900F0B7B2 /* Assets.xcassets */; };
		68D3CA0B21D14EB900F0B7B2 /* LaunchScreen.storyboard in Resources */ = {isa = PBXBuildFile; fileRef = 68D3CA0921D14EB900F0B7B2 /* LaunchScreen.storyboard */; };
		68D3CA1621D14EB900F0B7B2 /* PhotoramaTests.swift in Sources */ = {isa = PBXBuildFile; fileRef = 68D3CA1521D14EB900F0B7B2 /* PhotoramaTests.swift */; };
		68D3CA2121D14EB900F0B7B2 /* PhotoramaUITests.swift in Sources */ = {isa = PBXBuildFile; fileRef = 68D3CA2021D14EB900F0B7B2 /* PhotoramaUITests.swift */; };
		68D3CA2F21D14F3D00F0B7B2 /* PhotosViewController.swift in Sources */ = {isa = PBXBuildFile; fileRef = 68D3CA2E21D14F3D00F0B7B2 /* PhotosViewController.swift */; };
		68D3CA3121D1510300F0B7B2 /* FlickrAPI.swift in Sources */ = {isa = PBXBuildFile; fileRef = 68D3CA3021D1510300F0B7B2 /* FlickrAPI.swift */; };
		68D3CA3321D151AE00F0B7B2 /* PhotoStore.swift in Sources */ = {isa = PBXBuildFile; fileRef = 68D3CA3221D151AE00F0B7B2 /* PhotoStore.swift */; };
		68D3CA3521D152EB00F0B7B2 /* Photo.swift in Sources */ = {isa = PBXBuildFile; fileRef = 68D3CA3421D152EB00F0B7B2 /* Photo.swift */; };
/* End PBXBuildFile section */

/* Begin PBXContainerItemProxy section */
		68D3CA1221D14EB900F0B7B2 /* PBXContainerItemProxy */ = {
			isa = PBXContainerItemProxy;
			containerPortal = 68D3C9F521D14EB500F0B7B2 /* Project object */;
			proxyType = 1;
			remoteGlobalIDString = 68D3C9FC21D14EB600F0B7B2;
			remoteInfo = Photorama;
		};
		68D3CA1D21D14EB900F0B7B2 /* PBXContainerItemProxy */ = {
			isa = PBXContainerItemProxy;
			containerPortal = 68D3C9F521D14EB500F0B7B2 /* Project object */;
			proxyType = 1;
			remoteGlobalIDString = 68D3C9FC21D14EB600F0B7B2;
			remoteInfo = Photorama;
		};
/* End PBXContainerItemProxy section */

/* Begin PBXFileReference section */
		68D3C9FD21D14EB600F0B7B2 /* Photorama.app */ = {isa = PBXFileReference; explicitFileType = wrapper.application; includeInIndex = 0; path = Photorama.app; sourceTree = BUILT_PRODUCTS_DIR; };
		68D3CA0021D14EB600F0B7B2 /* AppDelegate.swift */ = {isa = PBXFileReference; lastKnownFileType = sourcecode.swift; path = AppDelegate.swift; sourceTree = "<group>"; };
		68D3CA0521D14EB600F0B7B2 /* Base */ = {isa = PBXFileReference; lastKnownFileType = file.storyboard; name = Base; path = Base.lproj/Main.storyboard; sourceTree = "<group>"; };
		68D3CA0721D14EB900F0B7B2 /* Assets.xcassets */ = {isa = PBXFileReference; lastKnownFileType = folder.assetcatalog; path = Assets.xcassets; sourceTree = "<group>"; };
		68D3CA0A21D14EB900F0B7B2 /* Base */ = {isa = PBXFileReference; lastKnownFileType = file.storyboard; name = Base; path = Base.lproj/LaunchScreen.storyboard; sourceTree = "<group>"; };
		68D3CA0C21D14EB900F0B7B2 /* Info.plist */ = {isa = PBXFileReference; lastKnownFileType = text.plist.xml; path = Info.plist; sourceTree = "<group>"; };
		68D3CA1121D14EB900F0B7B2 /* PhotoramaTests.xctest */ = {isa = PBXFileReference; explicitFileType = wrapper.cfbundle; includeInIndex = 0; path = PhotoramaTests.xctest; sourceTree = BUILT_PRODUCTS_DIR; };
		68D3CA1521D14EB900F0B7B2 /* PhotoramaTests.swift */ = {isa = PBXFileReference; lastKnownFileType = sourcecode.swift; path = PhotoramaTests.swift; sourceTree = "<group>"; };
		68D3CA1721D14EB900F0B7B2 /* Info.plist */ = {isa = PBXFileReference; lastKnownFileType = text.plist.xml; path = Info.plist; sourceTree = "<group>"; };
		68D3CA1C21D14EB900F0B7B2 /* PhotoramaUITests.xctest */ = {isa = PBXFileReference; explicitFileType = wrapper.cfbundle; includeInIndex = 0; path = PhotoramaUITests.xctest; sourceTree = BUILT_PRODUCTS_DIR; };
		68D3CA2021D14EB900F0B7B2 /* PhotoramaUITests.swift */ = {isa = PBXFileReference; lastKnownFileType = sourcecode.swift; path = PhotoramaUITests.swift; sourceTree = "<group>"; };
		68D3CA2221D14EB900F0B7B2 /* Info.plist */ = {isa = PBXFileReference; lastKnownFileType = text.plist.xml; path = Info.plist; sourceTree = "<group>"; };
		68D3CA2E21D14F3D00F0B7B2 /* PhotosViewController.swift */ = {isa = PBXFileReference; lastKnownFileType = sourcecode.swift; path = PhotosViewController.swift; sourceTree = "<group>"; };
		68D3CA3021D1510300F0B7B2 /* FlickrAPI.swift */ = {isa = PBXFileReference; lastKnownFileType = sourcecode.swift; path = FlickrAPI.swift; sourceTree = "<group>"; };
		68D3CA3221D151AE00F0B7B2 /* PhotoStore.swift */ = {isa = PBXFileReference; lastKnownFileType = sourcecode.swift; path = PhotoStore.swift; sourceTree = "<group>"; };
		68D3CA3421D152EB00F0B7B2 /* Photo.swift */ = {isa = PBXFileReference; lastKnownFileType = sourcecode.swift; path = Photo.swift; sourceTree = "<group>"; };
/* End PBXFileReference section */

/* Begin PBXFrameworksBuildPhase section */
		68D3C9FA21D14EB600F0B7B2 /* Frameworks */ = {
			isa = PBXFrameworksBuildPhase;
			buildActionMask = 2147483647;
			files = (
			);
			runOnlyForDeploymentPostprocessing = 0;
		};
		68D3CA0E21D14EB900F0B7B2 /* Frameworks */ = {
			isa = PBXFrameworksBuildPhase;
			buildActionMask = 2147483647;
			files = (
			);
			runOnlyForDeploymentPostprocessing = 0;
		};
		68D3CA1921D14EB900F0B7B2 /* Frameworks */ = {
			isa = PBXFrameworksBuildPhase;
			buildActionMask = 2147483647;
			files = (
			);
			runOnlyForDeploymentPostprocessing = 0;
		};
/* End PBXFrameworksBuildPhase section */

/* Begin PBXGroup section */
		68D3C9F421D14EB500F0B7B2 = {
			isa = PBXGroup;
			children = (
				68D3C9FF21D14EB600F0B7B2 /* Photorama */,
				68D3CA1421D14EB900F0B7B2 /* PhotoramaTests */,
				68D3CA1F21D14EB900F0B7B2 /* PhotoramaUITests */,
				68D3C9FE21D14EB600F0B7B2 /* Products */,
			);
			sourceTree = "<group>";
		};
		68D3C9FE21D14EB600F0B7B2 /* Products */ = {
			isa = PBXGroup;
			children = (
				68D3C9FD21D14EB600F0B7B2 /* Photorama.app */,
				68D3CA1121D14EB900F0B7B2 /* PhotoramaTests.xctest */,
				68D3CA1C21D14EB900F0B7B2 /* PhotoramaUITests.xctest */,
			);
			name = Products;
			sourceTree = "<group>";
		};
		68D3C9FF21D14EB600F0B7B2 /* Photorama */ = {
			isa = PBXGroup;
			children = (
				68D3CA0021D14EB600F0B7B2 /* AppDelegate.swift */,
				68D3CA2E21D14F3D00F0B7B2 /* PhotosViewController.swift */,
				68D3CA3221D151AE00F0B7B2 /* PhotoStore.swift */,
				68D3CA3421D152EB00F0B7B2 /* Photo.swift */,
				68D3CA3021D1510300F0B7B2 /* FlickrAPI.swift */,
				68D3CA0421D14EB600F0B7B2 /* Main.storyboard */,
				68D3CA0721D14EB900F0B7B2 /* Assets.xcassets */,
				68D3CA0921D14EB900F0B7B2 /* LaunchScreen.storyboard */,
				68D3CA0C21D14EB900F0B7B2 /* Info.plist */,
			);
			path = Photorama;
			sourceTree = "<group>";
		};
		68D3CA1421D14EB900F0B7B2 /* PhotoramaTests */ = {
			isa = PBXGroup;
			children = (
				68D3CA1521D14EB900F0B7B2 /* PhotoramaTests.swift */,
				68D3CA1721D14EB900F0B7B2 /* Info.plist */,
			);
			path = PhotoramaTests;
			sourceTree = "<group>";
		};
		68D3CA1F21D14EB900F0B7B2 /* PhotoramaUITests */ = {
			isa = PBXGroup;
			children = (
				68D3CA2021D14EB900F0B7B2 /* PhotoramaUITests.swift */,
				68D3CA2221D14EB900F0B7B2 /* Info.plist */,
			);
			path = PhotoramaUITests;
			sourceTree = "<group>";
		};
/* End PBXGroup section */

/* Begin PBXNativeTarget section */
		68D3C9FC21D14EB600F0B7B2 /* Photorama */ = {
			isa = PBXNativeTarget;
			buildConfigurationList = 68D3CA2521D14EB900F0B7B2 /* Build configuration list for PBXNativeTarget "Photorama" */;
			buildPhases = (
				68D3C9F921D14EB600F0B7B2 /* Sources */,
				68D3C9FA21D14EB600F0B7B2 /* Frameworks */,
				68D3C9FB21D14EB600F0B7B2 /* Resources */,
			);
			buildRules = (
			);
			dependencies = (
			);
			name = Photorama;
			productName = Photorama;
			productReference = 68D3C9FD21D14EB600F0B7B2 /* Photorama.app */;
			productType = "com.apple.product-type.application";
		};
		68D3CA1021D14EB900F0B7B2 /* PhotoramaTests */ = {
			isa = PBXNativeTarget;
			buildConfigurationList = 68D3CA2821D14EB900F0B7B2 /* Build configuration list for PBXNativeTarget "PhotoramaTests" */;
			buildPhases = (
				68D3CA0D21D14EB900F0B7B2 /* Sources */,
				68D3CA0E21D14EB900F0B7B2 /* Frameworks */,
				68D3CA0F21D14EB900F0B7B2 /* Resources */,
			);
			buildRules = (
			);
			dependencies = (
				68D3CA1321D14EB900F0B7B2 /* PBXTargetDependency */,
			);
			name = PhotoramaTests;
			productName = PhotoramaTests;
			productReference = 68D3CA1121D14EB900F0B7B2 /* PhotoramaTests.xctest */;
			productType = "com.apple.product-type.bundle.unit-test";
		};
		68D3CA1B21D14EB900F0B7B2 /* PhotoramaUITests */ = {
			isa = PBXNativeTarget;
			buildConfigurationList = 68D3CA2B21D14EB900F0B7B2 /* Build configuration list for PBXNativeTarget "PhotoramaUITests" */;
			buildPhases = (
				68D3CA1821D14EB900F0B7B2 /* Sources */,
				68D3CA1921D14EB900F0B7B2 /* Frameworks */,
				68D3CA1A21D14EB900F0B7B2 /* Resources */,
			);
			buildRules = (
			);
			dependencies = (
				68D3CA1E21D14EB900F0B7B2 /* PBXTargetDependency */,
			);
			name = PhotoramaUITests;
			productName = PhotoramaUITests;
			productReference = 68D3CA1C21D14EB900F0B7B2 /* PhotoramaUITests.xctest */;
			productType = "com.apple.product-type.bundle.ui-testing";
		};
/* End PBXNativeTarget section */

/* Begin PBXProject section */
		68D3C9F521D14EB500F0B7B2 /* Project object */ = {
			isa = PBXProject;
			attributes = {
				LastSwiftUpdateCheck = 1010;
				LastUpgradeCheck = 1010;
				ORGANIZATIONNAME = "Mayank Kishore";
				TargetAttributes = {
					68D3C9FC21D14EB600F0B7B2 = {
						CreatedOnToolsVersion = 10.1;
					};
					68D3CA1021D14EB900F0B7B2 = {
						CreatedOnToolsVersion = 10.1;
						TestTargetID = 68D3C9FC21D14EB600F0B7B2;
					};
					68D3CA1B21D14EB900F0B7B2 = {
						CreatedOnToolsVersion = 10.1;
						TestTargetID = 68D3C9FC21D14EB600F0B7B2;
					};
				};
			};
			buildConfigurationList = 68D3C9F821D14EB500F0B7B2 /* Build configuration list for PBXProject "Photorama" */;
			compatibilityVersion = "Xcode 9.3";
			developmentRegion = en;
			hasScannedForEncodings = 0;
			knownRegions = (
				en,
				Base,
			);
			mainGroup = 68D3C9F421D14EB500F0B7B2;
			productRefGroup = 68D3C9FE21D14EB600F0B7B2 /* Products */;
			projectDirPath = "";
			projectRoot = "";
			targets = (
				68D3C9FC21D14EB600F0B7B2 /* Photorama */,
				68D3CA1021D14EB900F0B7B2 /* PhotoramaTests */,
				68D3CA1B21D14EB900F0B7B2 /* PhotoramaUITests */,
			);
		};
/* End PBXProject section */

/* Begin PBXResourcesBuildPhase section */
		68D3C9FB21D14EB600F0B7B2 /* Resources */ = {
			isa = PBXResourcesBuildPhase;
			buildActionMask = 2147483647;
			files = (
				68D3CA0B21D14EB900F0B7B2 /* LaunchScreen.storyboard in Resources */,
				68D3CA0821D14EB900F0B7B2 /* Assets.xcassets in Resources */,
				68D3CA0621D14EB600F0B7B2 /* Main.storyboard in Resources */,
			);
			runOnlyForDeploymentPostprocessing = 0;
		};
		68D3CA0F21D14EB900F0B7B2 /* Resources */ = {
			isa = PBXResourcesBuildPhase;
			buildActionMask = 2147483647;
			files = (
			);
			runOnlyForDeploymentPostprocessing = 0;
		};
		68D3CA1A21D14EB900F0B7B2 /* Resources */ = {
			isa = PBXResourcesBuildPhase;
			buildActionMask = 2147483647;
			files = (
			);
			runOnlyForDeploymentPostprocessing = 0;
		};
/* End PBXResourcesBuildPhase section */

/* Begin PBXSourcesBuildPhase section */
		68D3C9F921D14EB600F0B7B2 /* Sources */ = {
			isa = PBXSourcesBuildPhase;
			buildActionMask = 2147483647;
			files = (
				68D3CA3121D1510300F0B7B2 /* FlickrAPI.swift in Sources */,
				68D3CA0121D14EB600F0B7B2 /* AppDelegate.swift in Sources */,
				68D3CA3321D151AE00F0B7B2 /* PhotoStore.swift in Sources */,
				68D3CA2F21D14F3D00F0B7B2 /* PhotosViewController.swift in Sources */,
				68D3CA3521D152EB00F0B7B2 /* Photo.swift in Sources */,
			);
			runOnlyForDeploymentPostprocessing = 0;
		};
		68D3CA0D21D14EB900F0B7B2 /* Sources */ = {
			isa = PBXSourcesBuildPhase;
			buildActionMask = 2147483647;
			files = (
				68D3CA1621D14EB900F0B7B2 /* PhotoramaTests.swift in Sources */,
			);
			runOnlyForDeploymentPostprocessing = 0;
		};
		68D3CA1821D14EB900F0B7B2 /* Sources */ = {
			isa = PBXSourcesBuildPhase;
			buildActionMask = 2147483647;
			files = (
				68D3CA2121D14EB900F0B7B2 /* PhotoramaUITests.swift in Sources */,
			);
			runOnlyForDeploymentPostprocessing = 0;
		};
/* End PBXSourcesBuildPhase section */

/* Begin PBXTargetDependency section */
		68D3CA1321D14EB900F0B7B2 /* PBXTargetDependency */ = {
			isa = PBXTargetDependency;
			target = 68D3C9FC21D14EB600F0B7B2 /* Photorama */;
			targetProxy = 68D3CA1221D14EB900F0B7B2 /* PBXContainerItemProxy */;
		};
		68D3CA1E21D14EB900F0B7B2 /* PBXTargetDependency */ = {
			isa = PBXTargetDependency;
			target = 68D3C9FC21D14EB600F0B7B2 /* Photorama */;
			targetProxy = 68D3CA1D21D14EB900F0B7B2 /* PBXContainerItemProxy */;
		};
/* End PBXTargetDependency section */

/* Begin PBXVariantGroup section */
		68D3CA0421D14EB600F0B7B2 /* Main.storyboard */ = {
			isa = PBXVariantGroup;
			children = (
				68D3CA0521D14EB600F0B7B2 /* Base */,
			);
			name = Main.storyboard;
			sourceTree = "<group>";
		};
		68D3CA0921D14EB900F0B7B2 /* LaunchScreen.storyboard */ = {
			isa = PBXVariantGroup;
			children = (
				68D3CA0A21D14EB900F0B7B2 /* Base */,
			);
			name = LaunchScreen.storyboard;
			sourceTree = "<group>";
		};
/* End PBXVariantGroup section */

/* Begin XCBuildConfiguration section */
		68D3CA2321D14EB900F0B7B2 /* Debug */ = {
			isa = XCBuildConfiguration;
			buildSettings = {
				ALWAYS_SEARCH_USER_PATHS = NO;
				CLANG_ANALYZER_NONNULL = YES;
				CLANG_ANALYZER_NUMBER_OBJECT_CONVERSION = YES_AGGRESSIVE;
				CLANG_CXX_LANGUAGE_STANDARD = "gnu++14";
				CLANG_CXX_LIBRARY = "libc++";
				CLANG_ENABLE_MODULES = YES;
				CLANG_ENABLE_OBJC_ARC = YES;
				CLANG_ENABLE_OBJC_WEAK = YES;
				CLANG_WARN_BLOCK_CAPTURE_AUTORELEASING = YES;
				CLANG_WARN_BOOL_CONVERSION = YES;
				CLANG_WARN_COMMA = YES;
				CLANG_WARN_CONSTANT_CONVERSION = YES;
				CLANG_WARN_DEPRECATED_OBJC_IMPLEMENTATIONS = YES;
				CLANG_WARN_DIRECT_OBJC_ISA_USAGE = YES_ERROR;
				CLANG_WARN_DOCUMENTATION_COMMENTS = YES;
				CLANG_WARN_EMPTY_BODY = YES;
				CLANG_WARN_ENUM_CONVERSION = YES;
				CLANG_WARN_INFINITE_RECURSION = YES;
				CLANG_WARN_INT_CONVERSION = YES;
				CLANG_WARN_NON_LITERAL_NULL_CONVERSION = YES;
				CLANG_WARN_OBJC_IMPLICIT_RETAIN_SELF = YES;
				CLANG_WARN_OBJC_LITERAL_CONVERSION = YES;
				CLANG_WARN_OBJC_ROOT_CLASS = YES_ERROR;
				CLANG_WARN_RANGE_LOOP_ANALYSIS = YES;
				CLANG_WARN_STRICT_PROTOTYPES = YES;
				CLANG_WARN_SUSPICIOUS_MOVE = YES;
				CLANG_WARN_UNGUARDED_AVAILABILITY = YES_AGGRESSIVE;
				CLANG_WARN_UNREACHABLE_CODE = YES;
				CLANG_WARN__DUPLICATE_METHOD_MATCH = YES;
				CODE_SIGN_IDENTITY = "iPhone Developer";
				COPY_PHASE_STRIP = NO;
				DEBUG_INFORMATION_FORMAT = dwarf;
				ENABLE_STRICT_OBJC_MSGSEND = YES;
				ENABLE_TESTABILITY = YES;
				GCC_C_LANGUAGE_STANDARD = gnu11;
				GCC_DYNAMIC_NO_PIC = NO;
				GCC_NO_COMMON_BLOCKS = YES;
				GCC_OPTIMIZATION_LEVEL = 0;
				GCC_PREPROCESSOR_DEFINITIONS = (
					"DEBUG=1",
					"$(inherited)",
				);
				GCC_WARN_64_TO_32_BIT_CONVERSION = YES;
				GCC_WARN_ABOUT_RETURN_TYPE = YES_ERROR;
				GCC_WARN_UNDECLARED_SELECTOR = YES;
				GCC_WARN_UNINITIALIZED_AUTOS = YES_AGGRESSIVE;
				GCC_WARN_UNUSED_FUNCTION = YES;
				GCC_WARN_UNUSED_VARIABLE = YES;
				IPHONEOS_DEPLOYMENT_TARGET = 12.1;
				MTL_ENABLE_DEBUG_INFO = INCLUDE_SOURCE;
				MTL_FAST_MATH = YES;
				ONLY_ACTIVE_ARCH = YES;
				SDKROOT = iphoneos;
				SWIFT_ACTIVE_COMPILATION_CONDITIONS = DEBUG;
				SWIFT_OPTIMIZATION_LEVEL = "-Onone";
			};
			name = Debug;
		};
		68D3CA2421D14EB900F0B7B2 /* Release */ = {
			isa = XCBuildConfiguration;
			buildSettings = {
				ALWAYS_SEARCH_USER_PATHS = NO;
				CLANG_ANALYZER_NONNULL = YES;
				CLANG_ANALYZER_NUMBER_OBJECT_CONVERSION = YES_AGGRESSIVE;
				CLANG_CXX_LANGUAGE_STANDARD = "gnu++14";
				CLANG_CXX_LIBRARY = "libc++";
				CLANG_ENABLE_MODULES = YES;
				CLANG_ENABLE_OBJC_ARC = YES;
				CLANG_ENABLE_OBJC_WEAK = YES;
				CLANG_WARN_BLOCK_CAPTURE_AUTORELEASING = YES;
				CLANG_WARN_BOOL_CONVERSION = YES;
				CLANG_WARN_COMMA = YES;
				CLANG_WARN_CONSTANT_CONVERSION = YES;
				CLANG_WARN_DEPRECATED_OBJC_IMPLEMENTATIONS = YES;
				CLANG_WARN_DIRECT_OBJC_ISA_USAGE = YES_ERROR;
				CLANG_WARN_DOCUMENTATION_COMMENTS = YES;
				CLANG_WARN_EMPTY_BODY = YES;
				CLANG_WARN_ENUM_CONVERSION = YES;
				CLANG_WARN_INFINITE_RECURSION = YES;
				CLANG_WARN_INT_CONVERSION = YES;
				CLANG_WARN_NON_LITERAL_NULL_CONVERSION = YES;
				CLANG_WARN_OBJC_IMPLICIT_RETAIN_SELF = YES;
				CLANG_WARN_OBJC_LITERAL_CONVERSION = YES;
				CLANG_WARN_OBJC_ROOT_CLASS = YES_ERROR;
				CLANG_WARN_RANGE_LOOP_ANALYSIS = YES;
				CLANG_WARN_STRICT_PROTOTYPES = YES;
				CLANG_WARN_SUSPICIOUS_MOVE = YES;
				CLANG_WARN_UNGUARDED_AVAILABILITY = YES_AGGRESSIVE;
				CLANG_WARN_UNREACHABLE_CODE = YES;
				CLANG_WARN__DUPLICATE_METHOD_MATCH = YES;
				CODE_SIGN_IDENTITY = "iPhone Developer";
				COPY_PHASE_STRIP = NO;
				DEBUG_INFORMATION_FORMAT = "dwarf-with-dsym";
				ENABLE_NS_ASSERTIONS = NO;
				ENABLE_STRICT_OBJC_MSGSEND = YES;
				GCC_C_LANGUAGE_STANDARD = gnu11;
				GCC_NO_COMMON_BLOCKS = YES;
				GCC_WARN_64_TO_32_BIT_CONVERSION = YES;
				GCC_WARN_ABOUT_RETURN_TYPE = YES_ERROR;
				GCC_WARN_UNDECLARED_SELECTOR = YES;
				GCC_WARN_UNINITIALIZED_AUTOS = YES_AGGRESSIVE;
				GCC_WARN_UNUSED_FUNCTION = YES;
				GCC_WARN_UNUSED_VARIABLE = YES;
				IPHONEOS_DEPLOYMENT_TARGET = 12.1;
				MTL_ENABLE_DEBUG_INFO = NO;
				MTL_FAST_MATH = YES;
				SDKROOT = iphoneos;
				SWIFT_COMPILATION_MODE = wholemodule;
				SWIFT_OPTIMIZATION_LEVEL = "-O";
				VALIDATE_PRODUCT = YES;
			};
			name = Release;
		};
		68D3CA2621D14EB900F0B7B2 /* Debug */ = {
			isa = XCBuildConfiguration;
			buildSettings = {
				ASSETCATALOG_COMPILER_APPICON_NAME = AppIcon;
				CODE_SIGN_STYLE = Automatic;
				DEVELOPMENT_TEAM = 4SKPTERR7H;
				INFOPLIST_FILE = Photorama/Info.plist;
				LD_RUNPATH_SEARCH_PATHS = (
					"$(inherited)",
					"@executable_path/Frameworks",
				);
				PRODUCT_BUNDLE_IDENTIFIER = com.mayank.Photorama;
				PRODUCT_NAME = "$(TARGET_NAME)";
				SWIFT_VERSION = 4.2;
				TARGETED_DEVICE_FAMILY = "1,2";
			};
			name = Debug;
		};
		68D3CA2721D14EB900F0B7B2 /* Release */ = {
			isa = XCBuildConfiguration;
			buildSettings = {
				ASSETCATALOG_COMPILER_APPICON_NAME = AppIcon;
				CODE_SIGN_STYLE = Automatic;
				DEVELOPMENT_TEAM = 4SKPTERR7H;
				INFOPLIST_FILE = Photorama/Info.plist;
				LD_RUNPATH_SEARCH_PATHS = (
					"$(inherited)",
					"@executable_path/Frameworks",
				);
				PRODUCT_BUNDLE_IDENTIFIER = com.mayank.Photorama;
				PRODUCT_NAME = "$(TARGET_NAME)";
				SWIFT_VERSION = 4.2;
				TARGETED_DEVICE_FAMILY = "1,2";
			};
			name = Release;
		};
		68D3CA2921D14EB900F0B7B2 /* Debug */ = {
			isa = XCBuildConfiguration;
			buildSettings = {
				ALWAYS_EMBED_SWIFT_STANDARD_LIBRARIES = YES;
				BUNDLE_LOADER = "$(TEST_HOST)";
				CODE_SIGN_STYLE = Automatic;
				DEVELOPMENT_TEAM = 4SKPTERR7H;
				INFOPLIST_FILE = PhotoramaTests/Info.plist;
				LD_RUNPATH_SEARCH_PATHS = (
					"$(inherited)",
					"@executable_path/Frameworks",
					"@loader_path/Frameworks",
				);
				PRODUCT_BUNDLE_IDENTIFIER = com.mayank.PhotoramaTests;
				PRODUCT_NAME = "$(TARGET_NAME)";
				SWIFT_VERSION = 4.2;
				TARGETED_DEVICE_FAMILY = "1,2";
				TEST_HOST = "$(BUILT_PRODUCTS_DIR)/Photorama.app/Photorama";
			};
			name = Debug;
		};
		68D3CA2A21D14EB900F0B7B2 /* Release */ = {
			isa = XCBuildConfiguration;
			buildSettings = {
				ALWAYS_EMBED_SWIFT_STANDARD_LIBRARIES = YES;
				BUNDLE_LOADER = "$(TEST_HOST)";
				CODE_SIGN_STYLE = Automatic;
				DEVELOPMENT_TEAM = 4SKPTERR7H;
				INFOPLIST_FILE = PhotoramaTests/Info.plist;
				LD_RUNPATH_SEARCH_PATHS = (
					"$(inherited)",
					"@executable_path/Frameworks",
					"@loader_path/Frameworks",
				);
				PRODUCT_BUNDLE_IDENTIFIER = com.mayank.PhotoramaTests;
				PRODUCT_NAME = "$(TARGET_NAME)";
				SWIFT_VERSION = 4.2;
				TARGETED_DEVICE_FAMILY = "1,2";
				TEST_HOST = "$(BUILT_PRODUCTS_DIR)/Photorama.app/Photorama";
			};
			name = Release;
		};
		68D3CA2C21D14EB900F0B7B2 /* Debug */ = {
			isa = XCBuildConfiguration;
			buildSettings = {
				ALWAYS_EMBED_SWIFT_STANDARD_LIBRARIES = YES;
				CODE_SIGN_STYLE = Automatic;
				DEVELOPMENT_TEAM = 4SKPTERR7H;
				INFOPLIST_FILE = PhotoramaUITests/Info.plist;
				LD_RUNPATH_SEARCH_PATHS = (
					"$(inherited)",
					"@executable_path/Frameworks",
					"@loader_path/Frameworks",
				);
				PRODUCT_BUNDLE_IDENTIFIER = com.mayank.PhotoramaUITests;
				PRODUCT_NAME = "$(TARGET_NAME)";
				SWIFT_VERSION = 4.2;
				TARGETED_DEVICE_FAMILY = "1,2";
				TEST_TARGET_NAME = Photorama;
			};
			name = Debug;
		};
		68D3CA2D21D14EB900F0B7B2 /* Release */ = {
			isa = XCBuildConfiguration;
			buildSettings = {
				ALWAYS_EMBED_SWIFT_STANDARD_LIBRARIES = YES;
				CODE_SIGN_STYLE = Automatic;
				DEVELOPMENT_TEAM = 4SKPTERR7H;
				INFOPLIST_FILE = PhotoramaUITests/Info.plist;
				LD_RUNPATH_SEARCH_PATHS = (
					"$(inherited)",
					"@executable_path/Frameworks",
					"@loader_path/Frameworks",
				);
				PRODUCT_BUNDLE_IDENTIFIER = com.mayank.PhotoramaUITests;
				PRODUCT_NAME = "$(TARGET_NAME)";
				SWIFT_VERSION = 4.2;
				TARGETED_DEVICE_FAMILY = "1,2";
				TEST_TARGET_NAME = Photorama;
			};
			name = Release;
		};
/* End XCBuildConfiguration section */

/* Begin XCConfigurationList section */
		68D3C9F821D14EB500F0B7B2 /* Build configuration list for PBXProject "Photorama" */ = {
			isa = XCConfigurationList;
			buildConfigurations = (
				68D3CA2321D14EB900F0B7B2 /* Debug */,
				68D3CA2421D14EB900F0B7B2 /* Release */,
			);
			defaultConfigurationIsVisible = 0;
			defaultConfigurationName = Release;
		};
		68D3CA2521D14EB900F0B7B2 /* Build configuration list for PBXNativeTarget "Photorama" */ = {
			isa = XCConfigurationList;
			buildConfigurations = (
				68D3CA2621D14EB900F0B7B2 /* Debug */,
				68D3CA2721D14EB900F0B7B2 /* Release */,
			);
			defaultConfigurationIsVisible = 0;
			defaultConfigurationName = Release;
		};
		68D3CA2821D14EB900F0B7B2 /* Build configuration list for PBXNativeTarget "PhotoramaTests" */ = {
			isa = XCConfigurationList;
			buildConfigurations = (
				68D3CA2921D14EB900F0B7B2 /* Debug */,
				68D3CA2A21D14EB900F0B7B2 /* Release */,
			);
			defaultConfigurationIsVisible = 0;
			defaultConfigurationName = Release;
		};
		68D3CA2B21D14EB900F0B7B2 /* Build configuration list for PBXNativeTarget "PhotoramaUITests" */ = {
			isa = XCConfigurationList;
			buildConfigurations = (
				68D3CA2C21D14EB900F0B7B2 /* Debug */,
				68D3CA2D21D14EB900F0B7B2 /* Release */,
			);
			defaultConfigurationIsVisible = 0;
			defaultConfigurationName = Release;
		};
/* End XCConfigurationList section */
	};
	rootObject = 68D3C9F521D14EB500F0B7B2 /* Project object */;
}
